
{
  "name": "aurelia-dummy",
  "version": "1.3.3",
  "description": "The minimal set of dummy that the Aurelia platform needs to run on ES5 browsers.",
  "keywords": [
    "aurelia",
    "polyfill"
  ],
  "homepage": "http://aurelia.io",
  "bugs": {
    "url": "https://github.com/aurelia/dummy/issues"
  },
  "license": "MIT",
  "author": "Rob Eisenberg <rob@bluespire.com> (http://robeisenberg.com/)",
  "main": "dist/commonjs/aurelia-dummy.js",
  "module": "dist/es2015/aurelia-dummy.js",
  "typings": "dist/aurelia-dummy.d.ts",
  "repository": {
    "type": "git",
    "url": "http://github.com/aurelia/dummy"
  }
}
